
Microsoft Visual Studio Solution File, Format Version 12.00
# Visual Studio Version 16
VisualStudioVersion = 16.0.32002.261
MinimumVisualStudioVersion = 10.0.40219.1
Project("{FAE04EC0-301F-11D3-BF4B-00C04F79EFBC}") = "Stirbu_Valentin_Lab2", "Stirbu_Valentin_Lab2.csproj", "{753CE446-D591-458D-96B1-5724B445E70F}"
EndProject
Global
	GlobalSection(SolutionConfigurationPlatforms) = preSolution
		Debug|Any CPU = Debug|Any CPU
		Release|Any CPU = Release|Any CPU
	EndGlobalSection
	GlobalSection(ProjectConfigurationPlatforms) = postSolution
		{753CE446-D591-458D-96B1-5724B445E70F}.Debug|Any CPU.ActiveCfg = Debug|Any CPU
		{753CE446-D591-458D-96B1-5724B445E70F}.Debug|Any CPU.Build.0 = Debug|Any CPU
		{753CE446-D591-458D-96B1-5724B445E70F}.Release|Any CPU.ActiveCfg = Release|Any CPU
		{753CE446-D591-458D-96B1-5724B445E70F}.Release|Any CPU.Build.0 = Release|Any CPU
	EndGlobalSection
	GlobalSection(SolutionProperties) = preSolution
		HideSolutionNode = FALSE
	EndGlobalSection
	GlobalSection(ExtensibilityGlobals) = postSolution
		SolutionGuid = {4E8F2DBF-DA1F-4182-906E-2AAB401D8039}
	EndGlobalSection
EndGlobal
